// !$*UTF8*$!
{
	archiveVersion = 1;
	classes = {
	};
	objectVersion = 51;
	objects = {

/* Begin PBXBuildFile section */
		852E262F26EFA7C700B5CDB6 /* AppDelegate.swift in Sources */ = {isa = PBXBuildFile; fileRef = 852E262E26EFA7C700B5CDB6 /* AppDelegate.swift */; };
		852E263126EFA7C700B5CDB6 /* SceneDelegate.swift in Sources */ = {isa = PBXBuildFile; fileRef = 852E263026EFA7C700B5CDB6 /* SceneDelegate.swift */; };
		852E263326EFA7C700B5CDB6 /* MainViewController.swift in Sources */ = {isa = PBXBuildFile; fileRef = 852E263226EFA7C700B5CDB6 /* MainViewController.swift */; };
		852E263826EFA7C800B5CDB6 /* Assets.xcassets in Resources */ = {isa = PBXBuildFile; fileRef = 852E263726EFA7C800B5CDB6 /* Assets.xcassets */; };
		852E263B26EFA7C800B5CDB6 /* LaunchScreen.storyboard in Resources */ = {isa = PBXBuildFile; fileRef = 852E263926EFA7C800B5CDB6 /* LaunchScreen.storyboard */; };
		852E264626EFAA3500B5CDB6 /* MapView.swift in Sources */ = {isa = PBXBuildFile; fileRef = 852E264526EFAA3500B5CDB6 /* MapView.swift */; };
		852E264926EFAA9B00B5CDB6 /* Place.swift in Sources */ = {isa = PBXBuildFile; fileRef = 852E264826EFAA9B00B5CDB6 /* Place.swift */; };
		856F1C3E26F8C8E100AE06A7 /* MainViewController.storyboard in Resources */ = {isa = PBXBuildFile; fileRef = 856F1C3D26F8C8E100AE06A7 /* MainViewController.storyboard */; };
		85CE1A8A26FCD3900070FD9D /* MapView.xib in Resources */ = {isa = PBXBuildFile; fileRef = 85CE1A8926FCD3900070FD9D /* MapView.xib */; };
		85CE1A8C26FCE1250070FD9D /* UIView+Xib.swift in Sources */ = {isa = PBXBuildFile; fileRef = 85CE1A8B26FCE1250070FD9D /* UIView+Xib.swift */; };
		BCAA3D5CA66315A04D8A7876 /* Pods_Placeeo.framework in Frameworks */ = {isa = PBXBuildFile; fileRef = 029B113E3E3B8BC1E58733B8 /* Pods_Placeeo.framework */; };
/* End PBXBuildFile section */

/* Begin PBXFileReference section */
		029B113E3E3B8BC1E58733B8 /* Pods_Placeeo.framework */ = {isa = PBXFileReference; explicitFileType = wrapper.framework; includeInIndex = 0; path = Pods_Placeeo.framework; sourceTree = BUILT_PRODUCTS_DIR; };
		7ACDDB171BDF958ED4D404FF /* Pods-Placeeo.release.xcconfig */ = {isa = PBXFileReference; includeInIndex = 1; lastKnownFileType = text.xcconfig; name = "Pods-Placeeo.release.xcconfig"; path = "Target Support Files/Pods-Placeeo/Pods-Placeeo.release.xcconfig"; sourceTree = "<group>"; };
		852E262B26EFA7C700B5CDB6 /* Placeeo.app */ = {isa = PBXFileReference; explicitFileType = wrapper.application; includeInIndex = 0; path = Placeeo.app; sourceTree = BUILT_PRODUCTS_DIR; };
		852E262E26EFA7C700B5CDB6 /* AppDelegate.swift */ = {isa = PBXFileReference; lastKnownFileType = sourcecode.swift; path = AppDelegate.swift; sourceTree = "<group>"; };
		852E263026EFA7C700B5CDB6 /* SceneDelegate.swift */ = {isa = PBXFileReference; lastKnownFileType = sourcecode.swift; path = SceneDelegate.swift; sourceTree = "<group>"; };
		852E263226EFA7C700B5CDB6 /* MainViewController.swift */ = {isa = PBXFileReference; lastKnownFileType = sourcecode.swift; path = MainViewController.swift; sourceTree = "<group>"; };
		852E263726EFA7C800B5CDB6 /* Assets.xcassets */ = {isa = PBXFileReference; lastKnownFileType = folder.assetcatalog; path = Assets.xcassets; sourceTree = "<group>"; };
		852E263A26EFA7C800B5CDB6 /* Base */ = {isa = PBXFileReference; lastKnownFileType = file.storyboard; name = Base; path = Base.lproj/LaunchScreen.storyboard; sourceTree = "<group>"; };
		852E264526EFAA3500B5CDB6 /* MapView.swift */ = {isa = PBXFileReference; lastKnownFileType = sourcecode.swift; path = MapView.swift; sourceTree = "<group>"; };
		852E264826EFAA9B00B5CDB6 /* Place.swift */ = {isa = PBXFileReference; lastKnownFileType = sourcecode.swift; path = Place.swift; sourceTree = "<group>"; };
		856F1C3D26F8C8E100AE06A7 /* MainViewController.storyboard */ = {isa = PBXFileReference; lastKnownFileType = file.storyboard; path = MainViewController.storyboard; sourceTree = "<group>"; };
		85BD4DF726F22896006A01A1 /* Info.plist */ = {isa = PBXFileReference; fileEncoding = 4; lastKnownFileType = text.plist.xml; path = Info.plist; sourceTree = "<group>"; };
		85CE1A8926FCD3900070FD9D /* MapView.xib */ = {isa = PBXFileReference; lastKnownFileType = file.xib; path = MapView.xib; sourceTree = "<group>"; };
		85CE1A8B26FCE1250070FD9D /* UIView+Xib.swift */ = {isa = PBXFileReference; lastKnownFileType = sourcecode.swift; path = "UIView+Xib.swift"; sourceTree = "<group>"; };
		D9AD30ACB0B91BA4DD5D3E9A /* Pods-Placeeo.debug.xcconfig */ = {isa = PBXFileReference; includeInIndex = 1; lastKnownFileType = text.xcconfig; name = "Pods-Placeeo.debug.xcconfig"; path = "Target Support Files/Pods-Placeeo/Pods-Placeeo.debug.xcconfig"; sourceTree = "<group>"; };
/* End PBXFileReference section */

/* Begin PBXFrameworksBuildPhase section */
		852E262826EFA7C700B5CDB6 /* Frameworks */ = {
			isa = PBXFrameworksBuildPhase;
			buildActionMask = 2147483647;
			files = (
				BCAA3D5CA66315A04D8A7876 /* Pods_Placeeo.framework in Frameworks */,
			);
			runOnlyForDeploymentPostprocessing = 0;
		};
/* End PBXFrameworksBuildPhase section */

/* Begin PBXGroup section */
		243782EDF99F3400105154E8 /* Frameworks */ = {
			isa = PBXGroup;
			children = (
				029B113E3E3B8BC1E58733B8 /* Pods_Placeeo.framework */,
			);
			name = Frameworks;
			sourceTree = "<group>";
		};
		7B33A8A2659A1E3CB83B06B8 /* Pods */ = {
			isa = PBXGroup;
			children = (
				D9AD30ACB0B91BA4DD5D3E9A /* Pods-Placeeo.debug.xcconfig */,
				7ACDDB171BDF958ED4D404FF /* Pods-Placeeo.release.xcconfig */,
			);
			path = Pods;
			sourceTree = "<group>";
		};
		852E262226EFA7C700B5CDB6 = {
			isa = PBXGroup;
			children = (
				852E262D26EFA7C700B5CDB6 /* Placeeo */,
				852E262C26EFA7C700B5CDB6 /* Products */,
				7B33A8A2659A1E3CB83B06B8 /* Pods */,
				243782EDF99F3400105154E8 /* Frameworks */,
			);
			sourceTree = "<group>";
		};
		852E262C26EFA7C700B5CDB6 /* Products */ = {
			isa = PBXGroup;
			children = (
				852E262B26EFA7C700B5CDB6 /* Placeeo.app */,
			);
			name = Products;
			sourceTree = "<group>";
		};
		852E262D26EFA7C700B5CDB6 /* Placeeo */ = {
			isa = PBXGroup;
			children = (
				85BD4DF726F22896006A01A1 /* Info.plist */,
				85CE1A8D26FCE1290070FD9D /* Utilities */,
				852E264726EFAA8F00B5CDB6 /* Model */,
				852E264426EFA9B000B5CDB6 /* Resources */,
				852E264326EFA98600B5CDB6 /* Controller */,
				852E264226EFA97900B5CDB6 /* View */,
			);
			path = Placeeo;
			sourceTree = "<group>";
		};
		852E264226EFA97900B5CDB6 /* View */ = {
			isa = PBXGroup;
			children = (
				852E263926EFA7C800B5CDB6 /* LaunchScreen.storyboard */,
				852E263726EFA7C800B5CDB6 /* Assets.xcassets */,
				856F1C3D26F8C8E100AE06A7 /* MainViewController.storyboard */,
				85CE1A8926FCD3900070FD9D /* MapView.xib */,
			);
			path = View;
			sourceTree = "<group>";
		};
		852E264326EFA98600B5CDB6 /* Controller */ = {
			isa = PBXGroup;
			children = (
				852E263226EFA7C700B5CDB6 /* MainViewController.swift */,
				852E264526EFAA3500B5CDB6 /* MapView.swift */,
			);
			path = Controller;
			sourceTree = "<group>";
		};
		852E264426EFA9B000B5CDB6 /* Resources */ = {
			isa = PBXGroup;
			children = (
				852E262E26EFA7C700B5CDB6 /* AppDelegate.swift */,
				852E263026EFA7C700B5CDB6 /* SceneDelegate.swift */,
			);
			path = Resources;
			sourceTree = "<group>";
		};
		852E264726EFAA8F00B5CDB6 /* Model */ = {
			isa = PBXGroup;
			children = (
				852E264826EFAA9B00B5CDB6 /* Place.swift */,
			);
			path = Model;
			sourceTree = "<group>";
		};
		85CE1A8D26FCE1290070FD9D /* Utilities */ = {
			isa = PBXGroup;
			children = (
				85CE1A8B26FCE1250070FD9D /* UIView+Xib.swift */,
			);
			path = Utilities;
			sourceTree = "<group>";
		};
/* End PBXGroup section */

/* Begin PBXNativeTarget section */
		852E262A26EFA7C700B5CDB6 /* Placeeo */ = {
			isa = PBXNativeTarget;
			buildConfigurationList = 852E263F26EFA7C800B5CDB6 /* Build configuration list for PBXNativeTarget "Placeeo" */;
			buildPhases = (
				ABE61C98D3D547BFE97CD578 /* [CP] Check Pods Manifest.lock */,
				852E262726EFA7C700B5CDB6 /* Sources */,
				852E262826EFA7C700B5CDB6 /* Frameworks */,
				852E262926EFA7C700B5CDB6 /* Resources */,
				3EC5F15A3A21DEB10EDA5BFB /* [CP] Copy Pods Resources */,
			);
			buildRules = (
			);
			dependencies = (
			);
			name = Placeeo;
			productName = Placeeo;
			productReference = 852E262B26EFA7C700B5CDB6 /* Placeeo.app */;
			productType = "com.apple.product-type.application";
		};
/* End PBXNativeTarget section */

/* Begin PBXProject section */
		852E262326EFA7C700B5CDB6 /* Project object */ = {
			isa = PBXProject;
			attributes = {
				LastSwiftUpdateCheck = 1250;
				LastUpgradeCheck = 1250;
				TargetAttributes = {
					852E262A26EFA7C700B5CDB6 = {
						CreatedOnToolsVersion = 12.5.1;
					};
				};
			};
			buildConfigurationList = 852E262626EFA7C700B5CDB6 /* Build configuration list for PBXProject "Placeeo" */;
			compatibilityVersion = "Xcode 9.3";
			developmentRegion = en;
			hasScannedForEncodings = 0;
			knownRegions = (
				en,
				Base,
			);
			mainGroup = 852E262226EFA7C700B5CDB6;
			productRefGroup = 852E262C26EFA7C700B5CDB6 /* Products */;
			projectDirPath = "";
			projectRoot = "";
			targets = (
				852E262A26EFA7C700B5CDB6 /* Placeeo */,
			);
		};
/* End PBXProject section */

/* Begin PBXResourcesBuildPhase section */
		852E262926EFA7C700B5CDB6 /* Resources */ = {
			isa = PBXResourcesBuildPhase;
			buildActionMask = 2147483647;
			files = (
				856F1C3E26F8C8E100AE06A7 /* MainViewController.storyboard in Resources */,
				85CE1A8A26FCD3900070FD9D /* MapView.xib in Resources */,
				852E263B26EFA7C800B5CDB6 /* LaunchScreen.storyboard in Resources */,
				852E263826EFA7C800B5CDB6 /* Assets.xcassets in Resources */,
			);
			runOnlyForDeploymentPostprocessing = 0;
		};
/* End PBXResourcesBuildPhase section */

/* Begin PBXShellScriptBuildPhase section */
		3EC5F15A3A21DEB10EDA5BFB /* [CP] Copy Pods Resources */ = {
			isa = PBXShellScriptBuildPhase;
			buildActionMask = 2147483647;
			files = (
			);
			inputFileListPaths = (
				"${PODS_ROOT}/Target Support Files/Pods-Placeeo/Pods-Placeeo-resources-${CONFIGURATION}-input-files.xcfilelist",
			);
			name = "[CP] Copy Pods Resources";
			outputFileListPaths = (
				"${PODS_ROOT}/Target Support Files/Pods-Placeeo/Pods-Placeeo-resources-${CONFIGURATION}-output-files.xcfilelist",
			);
			runOnlyForDeploymentPostprocessing = 0;
			shellPath = /bin/sh;
			shellScript = "\"${PODS_ROOT}/Target Support Files/Pods-Placeeo/Pods-Placeeo-resources.sh\"\n";
			showEnvVarsInLog = 0;
		};
		ABE61C98D3D547BFE97CD578 /* [CP] Check Pods Manifest.lock */ = {
			isa = PBXShellScriptBuildPhase;
			buildActionMask = 2147483647;
			files = (
			);
			inputFileListPaths = (
			);
			inputPaths = (
				"${PODS_PODFILE_DIR_PATH}/Podfile.lock",
				"${PODS_ROOT}/Manifest.lock",
			);
			name = "[CP] Check Pods Manifest.lock";
			outputFileListPaths = (
			);
			outputPaths = (
				"$(DERIVED_FILE_DIR)/Pods-Placeeo-checkManifestLockResult.txt",
			);
			runOnlyForDeploymentPostprocessing = 0;
			shellPath = /bin/sh;
			shellScript = "diff \"${PODS_PODFILE_DIR_PATH}/Podfile.lock\" \"${PODS_ROOT}/Manifest.lock\" > /dev/null\nif [ $? != 0 ] ; then\n    # print error to STDERR\n    echo \"error: The sandbox is not in sync with the Podfile.lock. Run 'pod install' or update your CocoaPods installation.\" >&2\n    exit 1\nfi\n# This output is used by Xcode 'outputs' to avoid re-running this script phase.\necho \"SUCCESS\" > \"${SCRIPT_OUTPUT_FILE_0}\"\n";
			showEnvVarsInLog = 0;
		};
/* End PBXShellScriptBuildPhase section */

/* Begin PBXSourcesBuildPhase section */
		852E262726EFA7C700B5CDB6 /* Sources */ = {
			isa = PBXSourcesBuildPhase;
			buildActionMask = 2147483647;
			files = (
				852E263326EFA7C700B5CDB6 /* MainViewController.swift in Sources */,
				852E262F26EFA7C700B5CDB6 /* AppDelegate.swift in Sources */,
				85CE1A8C26FCE1250070FD9D /* UIView+Xib.swift in Sources */,
				852E263126EFA7C700B5CDB6 /* SceneDelegate.swift in Sources */,
				852E264626EFAA3500B5CDB6 /* MapView.swift in Sources */,
				852E264926EFAA9B00B5CDB6 /* Place.swift in Sources */,
			);
			runOnlyForDeploymentPostprocessing = 0;
		};
/* End PBXSourcesBuildPhase section */

/* Begin PBXVariantGroup section */
		852E263926EFA7C800B5CDB6 /* LaunchScreen.storyboard */ = {
			isa = PBXVariantGroup;
			children = (
				852E263A26EFA7C800B5CDB6 /* Base */,
			);
			name = LaunchScreen.storyboard;
			sourceTree = "<group>";
		};
/* End PBXVariantGroup section */

/* Begin XCBuildConfiguration section */
		852E263D26EFA7C800B5CDB6 /* Debug */ = {
			isa = XCBuildConfiguration;
			buildSettings = {
				ALWAYS_SEARCH_USER_PATHS = NO;
				CLANG_ANALYZER_NONNULL = YES;
				CLANG_ANALYZER_NUMBER_OBJECT_CONVERSION = YES_AGGRESSIVE;
				CLANG_CXX_LANGUAGE_STANDARD = "gnu++14";
				CLANG_CXX_LIBRARY = "libc++";
				CLANG_ENABLE_MODULES = YES;
				CLANG_ENABLE_OBJC_ARC = YES;
				CLANG_ENABLE_OBJC_WEAK = YES;
				CLANG_WARN_BLOCK_CAPTURE_AUTORELEASING = YES;
				CLANG_WARN_BOOL_CONVERSION = YES;
				CLANG_WARN_COMMA = YES;
				CLANG_WARN_CONSTANT_CONVERSION = YES;
				CLANG_WARN_DEPRECATED_OBJC_IMPLEMENTATIONS = YES;
				CLANG_WARN_DIRECT_OBJC_ISA_USAGE = YES_ERROR;
				CLANG_WARN_DOCUMENTATION_COMMENTS = YES;
				CLANG_WARN_EMPTY_BODY = YES;
				CLANG_WARN_ENUM_CONVERSION = YES;
				CLANG_WARN_INFINITE_RECURSION = YES;
				CLANG_WARN_INT_CONVERSION = YES;
				CLANG_WARN_NON_LITERAL_NULL_CONVERSION = YES;
				CLANG_WARN_OBJC_IMPLICIT_RETAIN_SELF = YES;
				CLANG_WARN_OBJC_LITERAL_CONVERSION = YES;
				CLANG_WARN_OBJC_ROOT_CLASS = YES_ERROR;
				CLANG_WARN_QUOTED_INCLUDE_IN_FRAMEWORK_HEADER = YES;
				CLANG_WARN_RANGE_LOOP_ANALYSIS = YES;
				CLANG_WARN_STRICT_PROTOTYPES = YES;
				CLANG_WARN_SUSPICIOUS_MOVE = YES;
				CLANG_WARN_UNGUARDED_AVAILABILITY = YES_AGGRESSIVE;
				CLANG_WARN_UNREACHABLE_CODE = YES;
				CLANG_WARN__DUPLICATE_METHOD_MATCH = YES;
				COPY_PHASE_STRIP = NO;
				DEBUG_INFORMATION_FORMAT = dwarf;
				ENABLE_STRICT_OBJC_MSGSEND = YES;
				ENABLE_TESTABILITY = YES;
				GCC_C_LANGUAGE_STANDARD = gnu11;
				GCC_DYNAMIC_NO_PIC = NO;
				GCC_NO_COMMON_BLOCKS = YES;
				GCC_OPTIMIZATION_LEVEL = 0;
				GCC_PREPROCESSOR_DEFINITIONS = (
					"DEBUG=1",
					"$(inherited)",
				);
				GCC_WARN_64_TO_32_BIT_CONVERSION = YES;
				GCC_WARN_ABOUT_RETURN_TYPE = YES_ERROR;
				GCC_WARN_UNDECLARED_SELECTOR = YES;
				GCC_WARN_UNINITIALIZED_AUTOS = YES_AGGRESSIVE;
				GCC_WARN_UNUSED_FUNCTION = YES;
				GCC_WARN_UNUSED_VARIABLE = YES;
				IPHONEOS_DEPLOYMENT_TARGET = 14.5;
				MTL_ENABLE_DEBUG_INFO = INCLUDE_SOURCE;
				MTL_FAST_MATH = YES;
				ONLY_ACTIVE_ARCH = YES;
				SDKROOT = iphoneos;
				SWIFT_ACTIVE_COMPILATION_CONDITIONS = DEBUG;
				SWIFT_OPTIMIZATION_LEVEL = "-Onone";
			};
			name = Debug;
		};
		852E263E26EFA7C800B5CDB6 /* Release */ = {
			isa = XCBuildConfiguration;
			buildSettings = {
				ALWAYS_SEARCH_USER_PATHS = NO;
				CLANG_ANALYZER_NONNULL = YES;
				CLANG_ANALYZER_NUMBER_OBJECT_CONVERSION = YES_AGGRESSIVE;
				CLANG_CXX_LANGUAGE_STANDARD = "gnu++14";
				CLANG_CXX_LIBRARY = "libc++";
				CLANG_ENABLE_MODULES = YES;
				CLANG_ENABLE_OBJC_ARC = YES;
				CLANG_ENABLE_OBJC_WEAK = YES;
				CLANG_WARN_BLOCK_CAPTURE_AUTORELEASING = YES;
				CLANG_WARN_BOOL_CONVERSION = YES;
				CLANG_WARN_COMMA = YES;
				CLANG_WARN_CONSTANT_CONVERSION = YES;
				CLANG_WARN_DEPRECATED_OBJC_IMPLEMENTATIONS = YES;
				CLANG_WARN_DIRECT_OBJC_ISA_USAGE = YES_ERROR;
				CLANG_WARN_DOCUMENTATION_COMMENTS = YES;
				CLANG_WARN_EMPTY_BODY = YES;
				CLANG_WARN_ENUM_CONVERSION = YES;
				CLANG_WARN_INFINITE_RECURSION = YES;
				CLANG_WARN_INT_CONVERSION = YES;
				CLANG_WARN_NON_LITERAL_NULL_CONVERSION = YES;
				CLANG_WARN_OBJC_IMPLICIT_RETAIN_SELF = YES;
				CLANG_WARN_OBJC_LITERAL_CONVERSION = YES;
				CLANG_WARN_OBJC_ROOT_CLASS = YES_ERROR;
				CLANG_WARN_QUOTED_INCLUDE_IN_FRAMEWORK_HEADER = YES;
				CLANG_WARN_RANGE_LOOP_ANALYSIS = YES;
				CLANG_WARN_STRICT_PROTOTYPES = YES;
				CLANG_WARN_SUSPICIOUS_MOVE = YES;
				CLANG_WARN_UNGUARDED_AVAILABILITY = YES_AGGRESSIVE;
				CLANG_WARN_UNREACHABLE_CODE = YES;
				CLANG_WARN__DUPLICATE_METHOD_MATCH = YES;
				COPY_PHASE_STRIP = NO;
				DEBUG_INFORMATION_FORMAT = "dwarf-with-dsym";
				ENABLE_NS_ASSERTIONS = NO;
				ENABLE_STRICT_OBJC_MSGSEND = YES;
				GCC_C_LANGUAGE_STANDARD = gnu11;
				GCC_NO_COMMON_BLOCKS = YES;
				GCC_WARN_64_TO_32_BIT_CONVERSION = YES;
				GCC_WARN_ABOUT_RETURN_TYPE = YES_ERROR;
				GCC_WARN_UNDECLARED_SELECTOR = YES;
				GCC_WARN_UNINITIALIZED_AUTOS = YES_AGGRESSIVE;
				GCC_WARN_UNUSED_FUNCTION = YES;
				GCC_WARN_UNUSED_VARIABLE = YES;
				IPHONEOS_DEPLOYMENT_TARGET = 14.5;
				MTL_ENABLE_DEBUG_INFO = NO;
				MTL_FAST_MATH = YES;
				SDKROOT = iphoneos;
				SWIFT_COMPILATION_MODE = wholemodule;
				SWIFT_OPTIMIZATION_LEVEL = "-O";
				VALIDATE_PRODUCT = YES;
			};
			name = Release;
		};
		852E264026EFA7C800B5CDB6 /* Debug */ = {
			isa = XCBuildConfiguration;
			baseConfigurationReference = D9AD30ACB0B91BA4DD5D3E9A /* Pods-Placeeo.debug.xcconfig */;
			buildSettings = {
				ASSETCATALOG_COMPILER_APPICON_NAME = AppIcon;
				ASSETCATALOG_COMPILER_GLOBAL_ACCENT_COLOR_NAME = AccentColor;
				CODE_SIGN_STYLE = Automatic;
				CURRENT_PROJECT_VERSION = 2;
				DEVELOPMENT_TEAM = 628BV4PHBF;
				INFOPLIST_FILE = Placeeo/Info.plist;
				LD_RUNPATH_SEARCH_PATHS = (
					"$(inherited)",
					"@executable_path/Frameworks",
				);
				PRODUCT_BUNDLE_IDENTIFIER = com.synecdochenoire.Placeeo;
				PRODUCT_NAME = "$(TARGET_NAME)";
				SWIFT_VERSION = 5.0;
				TARGETED_DEVICE_FAMILY = "1,2";
			};
			name = Debug;
		};
		852E264126EFA7C800B5CDB6 /* Release */ = {
			isa = XCBuildConfiguration;
			baseConfigurationReference = 7ACDDB171BDF958ED4D404FF /* Pods-Placeeo.release.xcconfig */;
			buildSettings = {
				ASSETCATALOG_COMPILER_APPICON_NAME = AppIcon;
				ASSETCATALOG_COMPILER_GLOBAL_ACCENT_COLOR_NAME = AccentColor;
				CODE_SIGN_STYLE = Automatic;
				CURRENT_PROJECT_VERSION = 2;
				DEVELOPMENT_TEAM = 628BV4PHBF;
				INFOPLIST_FILE = Placeeo/Info.plist;
				LD_RUNPATH_SEARCH_PATHS = (
					"$(inherited)",
					"@executable_path/Frameworks",
				);
				PRODUCT_BUNDLE_IDENTIFIER = com.synecdochenoire.Placeeo;
				PRODUCT_NAME = "$(TARGET_NAME)";
				SWIFT_VERSION = 5.0;
				TARGETED_DEVICE_FAMILY = "1,2";
			};
			name = Release;
		};
/* End XCBuildConfiguration section */

/* Begin XCConfigurationList section */
		852E262626EFA7C700B5CDB6 /* Build configuration list for PBXProject "Placeeo" */ = {
			isa = XCConfigurationList;
			buildConfigurations = (
				852E263D26EFA7C800B5CDB6 /* Debug */,
				852E263E26EFA7C800B5CDB6 /* Release */,
			);
			defaultConfigurationIsVisible = 0;
			defaultConfigurationName = Release;
		};
		852E263F26EFA7C800B5CDB6 /* Build configuration list for PBXNativeTarget "Placeeo" */ = {
			isa = XCConfigurationList;
			buildConfigurations = (
				852E264026EFA7C800B5CDB6 /* Debug */,
				852E264126EFA7C800B5CDB6 /* Release */,
			);
			defaultConfigurationIsVisible = 0;
			defaultConfigurationName = Release;
		};
/* End XCConfigurationList section */
	};
	rootObject = 852E262326EFA7C700B5CDB6 /* Project object */;
}
